
Microsoft Visual Studio Solution File, Format Version 12.00
# Visual Studio Version 17
VisualStudioVersion = 17.1.32328.378
MinimumVisualStudioVersion = 10.0.40219.1
Project("{FAE04EC0-301F-11D3-BF4B-00C04F79EFBC}") = "ParcialSoftware", "ParcialSoftware\ParcialSoftware.csproj", "{35CFD834-4D3E-471A-830E-14A1495D690B}"
EndProject
Global
	GlobalSection(SolutionConfigurationPlatforms) = preSolution
		Debug|Any CPU = Debug|Any CPU
		Release|Any CPU = Release|Any CPU
	EndGlobalSection
	GlobalSection(ProjectConfigurationPlatforms) = postSolution
		{35CFD834-4D3E-471A-830E-14A1495D690B}.Debug|Any CPU.ActiveCfg = Debug|Any CPU
		{35CFD834-4D3E-471A-830E-14A1495D690B}.Debug|Any CPU.Build.0 = Debug|Any CPU
		{35CFD834-4D3E-471A-830E-14A1495D690B}.Release|Any CPU.ActiveCfg = Release|Any CPU
		{35CFD834-4D3E-471A-830E-14A1495D690B}.Release|Any CPU.Build.0 = Release|Any CPU
	EndGlobalSection
	GlobalSection(SolutionProperties) = preSolution
		HideSolutionNode = FALSE
	EndGlobalSection
	GlobalSection(ExtensibilityGlobals) = postSolution
		SolutionGuid = {E795BC0D-7D41-4F9A-BEE4-6E9158DEFCCD}
	EndGlobalSection
EndGlobal
